
Microsoft Visual Studio Solution File, Format Version 12.00
# Visual Studio Version 16
VisualStudioVersion = 16.0.30204.135
MinimumVisualStudioVersion = 10.0.40219.1
Project("{FAE04EC0-301F-11D3-BF4B-00C04F79EFBC}") = "Schedulee", "Schedulee.csproj", "{1A337875-169D-4593-885D-898DA1EF7D18}"
EndProject
Global
	GlobalSection(SolutionConfigurationPlatforms) = preSolution
		Debug|Any CPU = Debug|Any CPU
		Release|Any CPU = Release|Any CPU
	EndGlobalSection
	GlobalSection(ProjectConfigurationPlatforms) = postSolution
		{1A337875-169D-4593-885D-898DA1EF7D18}.Debug|Any CPU.ActiveCfg = Debug|Any CPU
		{1A337875-169D-4593-885D-898DA1EF7D18}.Debug|Any CPU.Build.0 = Debug|Any CPU
		{1A337875-169D-4593-885D-898DA1EF7D18}.Release|Any CPU.ActiveCfg = Release|Any CPU
		{1A337875-169D-4593-885D-898DA1EF7D18}.Release|Any CPU.Build.0 = Release|Any CPU
	EndGlobalSection
	GlobalSection(SolutionProperties) = preSolution
		HideSolutionNode = FALSE
	EndGlobalSection
	GlobalSection(ExtensibilityGlobals) = postSolution
		SolutionGuid = {2966E546-353D-49EB-A5D8-F0E4C40AECCE}
	EndGlobalSection
EndGlobal
